
Microsoft Visual Studio Solution File, Format Version 12.00
# Visual Studio Version 17
VisualStudioVersion = 17.2.32616.157
MinimumVisualStudioVersion = 10.0.40219.1
Project("{FAE04EC0-301F-11D3-BF4B-00C04F79EFBC}") = "ConsoleApp3", "ConsoleApp3\ConsoleApp3.csproj", "{4A998C67-8A12-4ADC-949B-48DDDFBCE402}"
EndProject
Global
	GlobalSection(SolutionConfigurationPlatforms) = preSolution
		Debug|Any CPU = Debug|Any CPU
		Release|Any CPU = Release|Any CPU
	EndGlobalSection
	GlobalSection(ProjectConfigurationPlatforms) = postSolution
		{4A998C67-8A12-4ADC-949B-48DDDFBCE402}.Debug|Any CPU.ActiveCfg = Debug|Any CPU
		{4A998C67-8A12-4ADC-949B-48DDDFBCE402}.Debug|Any CPU.Build.0 = Debug|Any CPU
		{4A998C67-8A12-4ADC-949B-48DDDFBCE402}.Release|Any CPU.ActiveCfg = Release|Any CPU
		{4A998C67-8A12-4ADC-949B-48DDDFBCE402}.Release|Any CPU.Build.0 = Release|Any CPU
	EndGlobalSection
	GlobalSection(SolutionProperties) = preSolution
		HideSolutionNode = FALSE
	EndGlobalSection
	GlobalSection(ExtensibilityGlobals) = postSolution
		SolutionGuid = {B322A148-A42A-4BE0-87D6-1BCC2A9A0327}
	EndGlobalSection
EndGlobal
